<?xml version="1.0" encoding="UTF-8"?>
<CodeBlocks_project_file>
	<FileVersion major="1" minor="6"/>
	<Project>
		<Option title="toy_c_compiler"/>
		<Option makefile_is_custom="1"/>
		<Option compiler="gcc"/>
		<Option virtualFolders="CMake Files\;"/>
		<Build>
			<Target title="all">
				<Option working_dir="/Users/cjhahaha/Workspace/CompilePrinciple/toy_c_compiler"/>
				<Option type="4"/>
				<MakeCommands>
					<Build command="/usr/bin/make -f &quot;/Users/cjhahaha/Workspace/CompilePrinciple/toy_c_compiler/Makefile&quot;  VERBOSE=1 all"/>
					<CompileFile command="/usr/bin/make -f &quot;/Users/cjhahaha/Workspace/CompilePrinciple/toy_c_compiler/Makefile&quot;  VERBOSE=1 &quot;$file&quot;"/>
					<Clean command="/usr/bin/make -f &quot;/Users/cjhahaha/Workspace/CompilePrinciple/toy_c_compiler/Makefile&quot;  VERBOSE=1 clean"/>
					<DistClean command="/usr/bin/make -f &quot;/Users/cjhahaha/Workspace/CompilePrinciple/toy_c_compiler/Makefile&quot;  VERBOSE=1 clean"/>
				</MakeCommands>
			</Target>
			<Target title="rebuild_cache">
				<Option working_dir="/Users/cjhahaha/Workspace/CompilePrinciple/toy_c_compiler"/>
				<Option type="4"/>
				<MakeCommands>
					<Build command="/usr/bin/make -f &quot;/Users/cjhahaha/Workspace/CompilePrinciple/toy_c_compiler/Makefile&quot;  VERBOSE=1 rebuild_cache"/>
					<CompileFile command="/usr/bin/make -f &quot;/Users/cjhahaha/Workspace/CompilePrinciple/toy_c_compiler/Makefile&quot;  VERBOSE=1 &quot;$file&quot;"/>
					<Clean command="/usr/bin/make -f &quot;/Users/cjhahaha/Workspace/CompilePrinciple/toy_c_compiler/Makefile&quot;  VERBOSE=1 clean"/>
					<DistClean command="/usr/bin/make -f &quot;/Users/cjhahaha/Workspace/CompilePrinciple/toy_c_compiler/Makefile&quot;  VERBOSE=1 clean"/>
				</MakeCommands>
			</Target>
			<Target title="edit_cache">
				<Option working_dir="/Users/cjhahaha/Workspace/CompilePrinciple/toy_c_compiler"/>
				<Option type="4"/>
				<MakeCommands>
					<Build command="/usr/bin/make -f &quot;/Users/cjhahaha/Workspace/CompilePrinciple/toy_c_compiler/Makefile&quot;  VERBOSE=1 edit_cache"/>
					<CompileFile command="/usr/bin/make -f &quot;/Users/cjhahaha/Workspace/CompilePrinciple/toy_c_compiler/Makefile&quot;  VERBOSE=1 &quot;$file&quot;"/>
					<Clean command="/usr/bin/make -f &quot;/Users/cjhahaha/Workspace/CompilePrinciple/toy_c_compiler/Makefile&quot;  VERBOSE=1 clean"/>
					<DistClean command="/usr/bin/make -f &quot;/Users/cjhahaha/Workspace/CompilePrinciple/toy_c_compiler/Makefile&quot;  VERBOSE=1 clean"/>
				</MakeCommands>
			</Target>
			<Target title="toy_c_compiler">
				<Option output="/Users/cjhahaha/Workspace/CompilePrinciple/toy_c_compiler/toy_c_compiler" prefix_auto="0" extension_auto="0"/>
				<Option working_dir="/Users/cjhahaha/Workspace/CompilePrinciple/toy_c_compiler"/>
				<Option object_output="./"/>
				<Option type="1"/>
				<Option compiler="gcc"/>
				<Compiler>
					<Add directory="/Users/cjhahaha/Workspace/CompilePrinciple/toy_c_compiler/src"/>
				</Compiler>
				<MakeCommands>
					<Build command="/usr/bin/make -f &quot;/Users/cjhahaha/Workspace/CompilePrinciple/toy_c_compiler/Makefile&quot;  VERBOSE=1 toy_c_compiler"/>
					<CompileFile command="/usr/bin/make -f &quot;/Users/cjhahaha/Workspace/CompilePrinciple/toy_c_compiler/Makefile&quot;  VERBOSE=1 &quot;$file&quot;"/>
					<Clean command="/usr/bin/make -f &quot;/Users/cjhahaha/Workspace/CompilePrinciple/toy_c_compiler/Makefile&quot;  VERBOSE=1 clean"/>
					<DistClean command="/usr/bin/make -f &quot;/Users/cjhahaha/Workspace/CompilePrinciple/toy_c_compiler/Makefile&quot;  VERBOSE=1 clean"/>
				</MakeCommands>
			</Target>
			<Target title="toy_c_compiler/fast">
				<Option output="/Users/cjhahaha/Workspace/CompilePrinciple/toy_c_compiler/toy_c_compiler" prefix_auto="0" extension_auto="0"/>
				<Option working_dir="/Users/cjhahaha/Workspace/CompilePrinciple/toy_c_compiler"/>
				<Option object_output="./"/>
				<Option type="1"/>
				<Option compiler="gcc"/>
				<Compiler>
					<Add directory="/Users/cjhahaha/Workspace/CompilePrinciple/toy_c_compiler/src"/>
				</Compiler>
				<MakeCommands>
					<Build command="/usr/bin/make -f &quot;/Users/cjhahaha/Workspace/CompilePrinciple/toy_c_compiler/Makefile&quot;  VERBOSE=1 toy_c_compiler/fast"/>
					<CompileFile command="/usr/bin/make -f &quot;/Users/cjhahaha/Workspace/CompilePrinciple/toy_c_compiler/Makefile&quot;  VERBOSE=1 &quot;$file&quot;"/>
					<Clean command="/usr/bin/make -f &quot;/Users/cjhahaha/Workspace/CompilePrinciple/toy_c_compiler/Makefile&quot;  VERBOSE=1 clean"/>
					<DistClean command="/usr/bin/make -f &quot;/Users/cjhahaha/Workspace/CompilePrinciple/toy_c_compiler/Makefile&quot;  VERBOSE=1 clean"/>
				</MakeCommands>
			</Target>
		</Build>
		<Unit filename="/Users/cjhahaha/Workspace/CompilePrinciple/toy_c_compiler/src/main.cpp">
			<Option target="toy_c_compiler"/>
		</Unit>
		<Unit filename="/Users/cjhahaha/Workspace/CompilePrinciple/toy_c_compiler/src/token.hpp">
			<Option target="toy_c_compiler"/>
		</Unit>
		<Unit filename="/Users/cjhahaha/Workspace/CompilePrinciple/toy_c_compiler/CMakeLists.txt">
			<Option virtualFolder="CMake Files\"/>
		</Unit>
	</Project>
</CodeBlocks_project_file>
